
Microsoft Visual Studio Solution File, Format Version 12.00
# Visual Studio 15
VisualStudioVersion = 15.0.26730.3
MinimumVisualStudioVersion = 10.0.40219.1
Project("{2150E333-8FDC-42A3-9474-1A3956D46DE8}") = "src", "src", "{413C83F8-90AD-44FD-B96D-12B9F16F546E}"
EndProject
Project("{9A19103F-16F7-4668-BE54-9A1E7A4F7556}") = "Azure.MediaServices.Core", "src\Azure.MediaServices.Core\Azure.MediaServices.Core.csproj", "{B6D3F67C-AC39-49FF-8B5B-161D5DC32012}"
EndProject
Global
	GlobalSection(SolutionConfigurationPlatforms) = preSolution
		Debug|Any CPU = Debug|Any CPU
		Release|Any CPU = Release|Any CPU
	EndGlobalSection
	GlobalSection(ProjectConfigurationPlatforms) = postSolution
		{B6D3F67C-AC39-49FF-8B5B-161D5DC32012}.Debug|Any CPU.ActiveCfg = Debug|Any CPU
		{B6D3F67C-AC39-49FF-8B5B-161D5DC32012}.Debug|Any CPU.Build.0 = Debug|Any CPU
		{B6D3F67C-AC39-49FF-8B5B-161D5DC32012}.Release|Any CPU.ActiveCfg = Release|Any CPU
		{B6D3F67C-AC39-49FF-8B5B-161D5DC32012}.Release|Any CPU.Build.0 = Release|Any CPU
	EndGlobalSection
	GlobalSection(SolutionProperties) = preSolution
		HideSolutionNode = FALSE
	EndGlobalSection
	GlobalSection(NestedProjects) = preSolution
		{B6D3F67C-AC39-49FF-8B5B-161D5DC32012} = {413C83F8-90AD-44FD-B96D-12B9F16F546E}
	EndGlobalSection
	GlobalSection(ExtensibilityGlobals) = postSolution
		SolutionGuid = {80E3F198-42AD-444B-85EF-22CF13CCB1C8}
	EndGlobalSection
EndGlobal
